
Microsoft Visual Studio Solution File, Format Version 12.00
# Visual Studio 15
VisualStudioVersion = 15.0.28307.329
MinimumVisualStudioVersion = 10.0.40219.1
Project("{FAE04EC0-301F-11D3-BF4B-00C04F79EFBC}") = "ScarecrowApplication", "ScarecrowApplication\ScarecrowApplication.csproj", "{C066CC13-B515-4D28-BBEE-5967053D38B3}"
EndProject
Global
	GlobalSection(SolutionConfigurationPlatforms) = preSolution
		Debug|Any CPU = Debug|Any CPU
		Release|Any CPU = Release|Any CPU
	EndGlobalSection
	GlobalSection(ProjectConfigurationPlatforms) = postSolution
		{C066CC13-B515-4D28-BBEE-5967053D38B3}.Debug|Any CPU.ActiveCfg = Debug|Any CPU
		{C066CC13-B515-4D28-BBEE-5967053D38B3}.Debug|Any CPU.Build.0 = Debug|Any CPU
		{C066CC13-B515-4D28-BBEE-5967053D38B3}.Release|Any CPU.ActiveCfg = Release|Any CPU
		{C066CC13-B515-4D28-BBEE-5967053D38B3}.Release|Any CPU.Build.0 = Release|Any CPU
	EndGlobalSection
	GlobalSection(SolutionProperties) = preSolution
		HideSolutionNode = FALSE
	EndGlobalSection
	GlobalSection(ExtensibilityGlobals) = postSolution
		SolutionGuid = {D140E1E1-2808-4295-BFC6-78639B513C56}
	EndGlobalSection
EndGlobal
